
Microsoft Visual Studio Solution File, Format Version 12.00
# Visual Studio 15
VisualStudioVersion = 15.0.26430.16
MinimumVisualStudioVersion = 10.0.40219.1
Project("{2150E333-8FDC-42A3-9474-1A3956D46DE8}") = "LCL", "LCL", "{CC444616-51A1-4C9F-ABC1-37E7F8058C76}"
EndProject
Project("{FAE04EC0-301F-11D3-BF4B-00C04F79EFBC}") = "LCL", "..\Source\src\LCL\LCL.csproj", "{C7F55469-A235-48FB-B92C-C48830577E14}"
EndProject
Project("{FAE04EC0-301F-11D3-BF4B-00C04F79EFBC}") = "LCL.Repositories.EntityFramework", "..\Source\src\LCL.Repositories.EntityFramework\LCL.Repositories.EntityFramework.csproj", "{B84421B4-9C83-49D4-A716-6063D946121E}"
EndProject
Project("{FAE04EC0-301F-11D3-BF4B-00C04F79EFBC}") = "LCL.Domain", "LCL.Domain\LCL.Domain.csproj", "{FAB4EE85-F1EA-49AC-9B07-84AE088C9324}"
EndProject
Project("{FAE04EC0-301F-11D3-BF4B-00C04F79EFBC}") = "LCL.Domain.Repositories", "LCL.Domain.Repositories\LCL.Domain.Repositories.csproj", "{540C1C33-3A98-4049-A8D0-1A11342326F8}"
EndProject
Project("{FAE04EC0-301F-11D3-BF4B-00C04F79EFBC}") = "LCL.Infrastructure", "LCL.Infrastructure\LCL.Infrastructure.csproj", "{33FB49BB-FE4A-48EE-86C2-5F871DE23ABC}"
EndProject
Project("{FAE04EC0-301F-11D3-BF4B-00C04F79EFBC}") = "LCL.WebMvc", "LCL.WebMvc\LCL.WebMvc.csproj", "{14DAB3C0-D048-44DD-9999-4FA71322597A}"
EndProject
Project("{FAE04EC0-301F-11D3-BF4B-00C04F79EFBC}") = "LCL.Web.BootstrapMvc", "LCL.Web.BootstrapMvc\LCL.Web.BootstrapMvc.csproj", "{1526EF45-3A25-4E1C-AB62-8C9E5640B3FB}"
EndProject
Project("{FAE04EC0-301F-11D3-BF4B-00C04F79EFBC}") = "LCL.Web", "..\Source\src\LCL.Web\LCL.Web.csproj", "{2E91B1B8-9C11-4868-8658-CB1CCA7B1009}"
EndProject
Project("{2150E333-8FDC-42A3-9474-1A3956D46DE8}") = "Domain", "Domain", "{B50214FD-6E56-4411-B94A-71352BC48428}"
EndProject
Project("{2150E333-8FDC-42A3-9474-1A3956D46DE8}") = "Infrastructure", "Infrastructure", "{6AC356CD-7E65-4BD1-8541-C732CB4F5895}"
EndProject
Project("{2150E333-8FDC-42A3-9474-1A3956D46DE8}") = "Web", "Web", "{803B4F84-9BDA-4CF2-8591-E115138041CB}"
EndProject
Project("{FAE04EC0-301F-11D3-BF4B-00C04F79EFBC}") = "LCL.WebAPI", "LCL.WebAPI\LCL.WebAPI.csproj", "{EB0A711B-8A50-4A0E-AF20-7C5FD8EBA6D7}"
EndProject
Project("{FAE04EC0-301F-11D3-BF4B-00C04F79EFBC}") = "LCL.Application", "LCL.Application\LCL.Application.csproj", "{7353CDE2-0E6A-4760-8C79-E4C6B685B6BB}"
EndProject
Project("{FAE04EC0-301F-11D3-BF4B-00C04F79EFBC}") = "LCL.Services", "LCL.Services\LCL.Services.csproj", "{5097026B-F60A-4A76-A660-4E06AD78BDF3}"
EndProject
Global
	GlobalSection(SolutionConfigurationPlatforms) = preSolution
		Debug|Any CPU = Debug|Any CPU
		Release|Any CPU = Release|Any CPU
	EndGlobalSection
	GlobalSection(ProjectConfigurationPlatforms) = postSolution
		{C7F55469-A235-48FB-B92C-C48830577E14}.Debug|Any CPU.ActiveCfg = Debug|Any CPU
		{C7F55469-A235-48FB-B92C-C48830577E14}.Debug|Any CPU.Build.0 = Debug|Any CPU
		{C7F55469-A235-48FB-B92C-C48830577E14}.Release|Any CPU.ActiveCfg = Release|Any CPU
		{C7F55469-A235-48FB-B92C-C48830577E14}.Release|Any CPU.Build.0 = Release|Any CPU
		{B84421B4-9C83-49D4-A716-6063D946121E}.Debug|Any CPU.ActiveCfg = Debug|Any CPU
		{B84421B4-9C83-49D4-A716-6063D946121E}.Debug|Any CPU.Build.0 = Debug|Any CPU
		{B84421B4-9C83-49D4-A716-6063D946121E}.Release|Any CPU.ActiveCfg = Release|Any CPU
		{B84421B4-9C83-49D4-A716-6063D946121E}.Release|Any CPU.Build.0 = Release|Any CPU
		{FAB4EE85-F1EA-49AC-9B07-84AE088C9324}.Debug|Any CPU.ActiveCfg = Debug|Any CPU
		{FAB4EE85-F1EA-49AC-9B07-84AE088C9324}.Debug|Any CPU.Build.0 = Debug|Any CPU
		{FAB4EE85-F1EA-49AC-9B07-84AE088C9324}.Release|Any CPU.ActiveCfg = Release|Any CPU
		{FAB4EE85-F1EA-49AC-9B07-84AE088C9324}.Release|Any CPU.Build.0 = Release|Any CPU
		{540C1C33-3A98-4049-A8D0-1A11342326F8}.Debug|Any CPU.ActiveCfg = Debug|Any CPU
		{540C1C33-3A98-4049-A8D0-1A11342326F8}.Debug|Any CPU.Build.0 = Debug|Any CPU
		{540C1C33-3A98-4049-A8D0-1A11342326F8}.Release|Any CPU.ActiveCfg = Release|Any CPU
		{540C1C33-3A98-4049-A8D0-1A11342326F8}.Release|Any CPU.Build.0 = Release|Any CPU
		{33FB49BB-FE4A-48EE-86C2-5F871DE23ABC}.Debug|Any CPU.ActiveCfg = Debug|Any CPU
		{33FB49BB-FE4A-48EE-86C2-5F871DE23ABC}.Debug|Any CPU.Build.0 = Debug|Any CPU
		{33FB49BB-FE4A-48EE-86C2-5F871DE23ABC}.Release|Any CPU.ActiveCfg = Release|Any CPU
		{33FB49BB-FE4A-48EE-86C2-5F871DE23ABC}.Release|Any CPU.Build.0 = Release|Any CPU
		{14DAB3C0-D048-44DD-9999-4FA71322597A}.Debug|Any CPU.ActiveCfg = Debug|Any CPU
		{14DAB3C0-D048-44DD-9999-4FA71322597A}.Debug|Any CPU.Build.0 = Debug|Any CPU
		{14DAB3C0-D048-44DD-9999-4FA71322597A}.Release|Any CPU.ActiveCfg = Release|Any CPU
		{14DAB3C0-D048-44DD-9999-4FA71322597A}.Release|Any CPU.Build.0 = Release|Any CPU
		{1526EF45-3A25-4E1C-AB62-8C9E5640B3FB}.Debug|Any CPU.ActiveCfg = Debug|Any CPU
		{1526EF45-3A25-4E1C-AB62-8C9E5640B3FB}.Debug|Any CPU.Build.0 = Debug|Any CPU
		{1526EF45-3A25-4E1C-AB62-8C9E5640B3FB}.Release|Any CPU.ActiveCfg = Release|Any CPU
		{1526EF45-3A25-4E1C-AB62-8C9E5640B3FB}.Release|Any CPU.Build.0 = Release|Any CPU
		{2E91B1B8-9C11-4868-8658-CB1CCA7B1009}.Debug|Any CPU.ActiveCfg = Debug|Any CPU
		{2E91B1B8-9C11-4868-8658-CB1CCA7B1009}.Debug|Any CPU.Build.0 = Debug|Any CPU
		{2E91B1B8-9C11-4868-8658-CB1CCA7B1009}.Release|Any CPU.ActiveCfg = Release|Any CPU
		{2E91B1B8-9C11-4868-8658-CB1CCA7B1009}.Release|Any CPU.Build.0 = Release|Any CPU
		{EB0A711B-8A50-4A0E-AF20-7C5FD8EBA6D7}.Debug|Any CPU.ActiveCfg = Debug|Any CPU
		{EB0A711B-8A50-4A0E-AF20-7C5FD8EBA6D7}.Debug|Any CPU.Build.0 = Debug|Any CPU
		{EB0A711B-8A50-4A0E-AF20-7C5FD8EBA6D7}.Release|Any CPU.ActiveCfg = Release|Any CPU
		{EB0A711B-8A50-4A0E-AF20-7C5FD8EBA6D7}.Release|Any CPU.Build.0 = Release|Any CPU
		{7353CDE2-0E6A-4760-8C79-E4C6B685B6BB}.Debug|Any CPU.ActiveCfg = Debug|Any CPU
		{7353CDE2-0E6A-4760-8C79-E4C6B685B6BB}.Debug|Any CPU.Build.0 = Debug|Any CPU
		{7353CDE2-0E6A-4760-8C79-E4C6B685B6BB}.Release|Any CPU.ActiveCfg = Release|Any CPU
		{7353CDE2-0E6A-4760-8C79-E4C6B685B6BB}.Release|Any CPU.Build.0 = Release|Any CPU
		{5097026B-F60A-4A76-A660-4E06AD78BDF3}.Debug|Any CPU.ActiveCfg = Debug|Any CPU
		{5097026B-F60A-4A76-A660-4E06AD78BDF3}.Debug|Any CPU.Build.0 = Debug|Any CPU
		{5097026B-F60A-4A76-A660-4E06AD78BDF3}.Release|Any CPU.ActiveCfg = Release|Any CPU
		{5097026B-F60A-4A76-A660-4E06AD78BDF3}.Release|Any CPU.Build.0 = Release|Any CPU
	EndGlobalSection
	GlobalSection(SolutionProperties) = preSolution
		HideSolutionNode = FALSE
	EndGlobalSection
	GlobalSection(NestedProjects) = preSolution
		{C7F55469-A235-48FB-B92C-C48830577E14} = {CC444616-51A1-4C9F-ABC1-37E7F8058C76}
		{B84421B4-9C83-49D4-A716-6063D946121E} = {CC444616-51A1-4C9F-ABC1-37E7F8058C76}
		{FAB4EE85-F1EA-49AC-9B07-84AE088C9324} = {B50214FD-6E56-4411-B94A-71352BC48428}
		{540C1C33-3A98-4049-A8D0-1A11342326F8} = {B50214FD-6E56-4411-B94A-71352BC48428}
		{33FB49BB-FE4A-48EE-86C2-5F871DE23ABC} = {6AC356CD-7E65-4BD1-8541-C732CB4F5895}
		{14DAB3C0-D048-44DD-9999-4FA71322597A} = {803B4F84-9BDA-4CF2-8591-E115138041CB}
		{1526EF45-3A25-4E1C-AB62-8C9E5640B3FB} = {CC444616-51A1-4C9F-ABC1-37E7F8058C76}
		{2E91B1B8-9C11-4868-8658-CB1CCA7B1009} = {CC444616-51A1-4C9F-ABC1-37E7F8058C76}
		{EB0A711B-8A50-4A0E-AF20-7C5FD8EBA6D7} = {803B4F84-9BDA-4CF2-8591-E115138041CB}
		{7353CDE2-0E6A-4760-8C79-E4C6B685B6BB} = {B50214FD-6E56-4411-B94A-71352BC48428}
		{5097026B-F60A-4A76-A660-4E06AD78BDF3} = {803B4F84-9BDA-4CF2-8591-E115138041CB}
	EndGlobalSection
EndGlobal
