
Microsoft Visual Studio Solution File, Format Version 12.00
# Visual Studio 2013
VisualStudioVersion = 12.0.30723.0
MinimumVisualStudioVersion = 10.0.40219.1
Project("{FAE04EC0-301F-11D3-BF4B-00C04F79EFBC}") = "WebMvcClient", "WebMvcClient\WebMvcClient.csproj", "{066AD8B4-1793-4D1A-BB67-2325520B60F0}"
EndProject
Project("{2150E333-8FDC-42A3-9474-1A3956D46DE8}") = "Shell", "Shell", "{ED76EE45-3DC1-4346-8DF3-BC54842A5186}"
EndProject
Project("{2150E333-8FDC-42A3-9474-1A3956D46DE8}") = "AppPlugins", "AppPlugins", "{37C80405-81AC-4F1B-BD4C-75E88845AADC}"
EndProject
Project("{2150E333-8FDC-42A3-9474-1A3956D46DE8}") = "LCL", "LCL", "{5FC38BA6-B368-4FD9-B3FB-3F2093CB268B}"
EndProject
Project("{FAE04EC0-301F-11D3-BF4B-00C04F79EFBC}") = "LCL", "..\..\LCLFramework\src\LCL\LCL.csproj", "{9C399804-5036-43D3-9D2E-81F716EEF848}"
EndProject
Project("{FAE04EC0-301F-11D3-BF4B-00C04F79EFBC}") = "LCL.MvcExtensions", "..\..\LCLFramework\src\Web\LCL.MvcExtensions\LCL.MvcExtensions.csproj", "{06EDA144-8636-412F-8061-595A592D7514}"
EndProject
Project("{FAE04EC0-301F-11D3-BF4B-00C04F79EFBC}") = "LCL.Utils", "..\..\LCLFramework\src\LCL.Utils\LCL.Utils.csproj", "{C19BC1F7-549F-424D-B987-2282F6D889E3}"
EndProject
Project("{2150E333-8FDC-42A3-9474-1A3956D46DE8}") = "FrameworkPlugins", "FrameworkPlugins", "{B89A17B5-63C4-4D4B-B07F-ED1E46181DA0}"
EndProject
Project("{2150E333-8FDC-42A3-9474-1A3956D46DE8}") = "BusinessInfrastructurePlugins", "BusinessInfrastructurePlugins", "{B0854806-15F1-4E6D-A997-59B6DA40351C}"
EndProject
Project("{FAE04EC0-301F-11D3-BF4B-00C04F79EFBC}") = "UIShell.RbacPermissionService", "WebMvcClient\Plugins\UIShell.RbacPermissionService\UIShell.RbacPermissionService.csproj", "{B91F2399-6395-439B-9645-C83E747C356F}"
EndProject
Project("{FAE04EC0-301F-11D3-BF4B-00C04F79EFBC}") = "UIShell.RbacManagementPlugin", "WebMvcClient\Plugins\UIShell.RbacManagementPlugin\UIShell.RbacManagementPlugin.csproj", "{12C627F9-D221-4D56-8B6A-9FF6A239269F}"
EndProject
Project("{FAE04EC0-301F-11D3-BF4B-00C04F79EFBC}") = "UIShell.EasyUIAdminShellPlugin", "WebMvcClient\Plugins\UIShell.EasyUIAdminShellPlugin\UIShell.EasyUIAdminShellPlugin.csproj", "{D0CFD403-4921-4094-937B-27E235576AC6}"
EndProject
Project("{FAE04EC0-301F-11D3-BF4B-00C04F79EFBC}") = "UIShell.Documents", "WebMvcClient\Plugins\UIShell.Documents\UIShell.Documents.csproj", "{2110884B-5878-4E28-BDE4-C901BCF3994D}"
EndProject
Global
	GlobalSection(SolutionConfigurationPlatforms) = preSolution
		Debug|Any CPU = Debug|Any CPU
		Release|Any CPU = Release|Any CPU
	EndGlobalSection
	GlobalSection(ProjectConfigurationPlatforms) = postSolution
		{066AD8B4-1793-4D1A-BB67-2325520B60F0}.Debug|Any CPU.ActiveCfg = Debug|Any CPU
		{066AD8B4-1793-4D1A-BB67-2325520B60F0}.Debug|Any CPU.Build.0 = Debug|Any CPU
		{066AD8B4-1793-4D1A-BB67-2325520B60F0}.Release|Any CPU.ActiveCfg = Release|Any CPU
		{066AD8B4-1793-4D1A-BB67-2325520B60F0}.Release|Any CPU.Build.0 = Release|Any CPU
		{9C399804-5036-43D3-9D2E-81F716EEF848}.Debug|Any CPU.ActiveCfg = Debug|Any CPU
		{9C399804-5036-43D3-9D2E-81F716EEF848}.Debug|Any CPU.Build.0 = Debug|Any CPU
		{9C399804-5036-43D3-9D2E-81F716EEF848}.Release|Any CPU.ActiveCfg = Release|Any CPU
		{9C399804-5036-43D3-9D2E-81F716EEF848}.Release|Any CPU.Build.0 = Release|Any CPU
		{06EDA144-8636-412F-8061-595A592D7514}.Debug|Any CPU.ActiveCfg = Debug|Any CPU
		{06EDA144-8636-412F-8061-595A592D7514}.Debug|Any CPU.Build.0 = Debug|Any CPU
		{06EDA144-8636-412F-8061-595A592D7514}.Release|Any CPU.ActiveCfg = Release|Any CPU
		{06EDA144-8636-412F-8061-595A592D7514}.Release|Any CPU.Build.0 = Release|Any CPU
		{C19BC1F7-549F-424D-B987-2282F6D889E3}.Debug|Any CPU.ActiveCfg = Debug|Any CPU
		{C19BC1F7-549F-424D-B987-2282F6D889E3}.Debug|Any CPU.Build.0 = Debug|Any CPU
		{C19BC1F7-549F-424D-B987-2282F6D889E3}.Release|Any CPU.ActiveCfg = Release|Any CPU
		{C19BC1F7-549F-424D-B987-2282F6D889E3}.Release|Any CPU.Build.0 = Release|Any CPU
		{B91F2399-6395-439B-9645-C83E747C356F}.Debug|Any CPU.ActiveCfg = Debug|Any CPU
		{B91F2399-6395-439B-9645-C83E747C356F}.Debug|Any CPU.Build.0 = Debug|Any CPU
		{B91F2399-6395-439B-9645-C83E747C356F}.Release|Any CPU.ActiveCfg = Release|Any CPU
		{B91F2399-6395-439B-9645-C83E747C356F}.Release|Any CPU.Build.0 = Release|Any CPU
		{12C627F9-D221-4D56-8B6A-9FF6A239269F}.Debug|Any CPU.ActiveCfg = Debug|Any CPU
		{12C627F9-D221-4D56-8B6A-9FF6A239269F}.Debug|Any CPU.Build.0 = Debug|Any CPU
		{12C627F9-D221-4D56-8B6A-9FF6A239269F}.Release|Any CPU.ActiveCfg = Release|Any CPU
		{12C627F9-D221-4D56-8B6A-9FF6A239269F}.Release|Any CPU.Build.0 = Release|Any CPU
		{D0CFD403-4921-4094-937B-27E235576AC6}.Debug|Any CPU.ActiveCfg = Debug|Any CPU
		{D0CFD403-4921-4094-937B-27E235576AC6}.Debug|Any CPU.Build.0 = Debug|Any CPU
		{D0CFD403-4921-4094-937B-27E235576AC6}.Release|Any CPU.ActiveCfg = Release|Any CPU
		{D0CFD403-4921-4094-937B-27E235576AC6}.Release|Any CPU.Build.0 = Release|Any CPU
		{2110884B-5878-4E28-BDE4-C901BCF3994D}.Debug|Any CPU.ActiveCfg = Debug|Any CPU
		{2110884B-5878-4E28-BDE4-C901BCF3994D}.Debug|Any CPU.Build.0 = Debug|Any CPU
		{2110884B-5878-4E28-BDE4-C901BCF3994D}.Release|Any CPU.ActiveCfg = Release|Any CPU
		{2110884B-5878-4E28-BDE4-C901BCF3994D}.Release|Any CPU.Build.0 = Release|Any CPU
	EndGlobalSection
	GlobalSection(SolutionProperties) = preSolution
		HideSolutionNode = FALSE
	EndGlobalSection
	GlobalSection(NestedProjects) = preSolution
		{066AD8B4-1793-4D1A-BB67-2325520B60F0} = {ED76EE45-3DC1-4346-8DF3-BC54842A5186}
		{9C399804-5036-43D3-9D2E-81F716EEF848} = {5FC38BA6-B368-4FD9-B3FB-3F2093CB268B}
		{06EDA144-8636-412F-8061-595A592D7514} = {5FC38BA6-B368-4FD9-B3FB-3F2093CB268B}
		{C19BC1F7-549F-424D-B987-2282F6D889E3} = {5FC38BA6-B368-4FD9-B3FB-3F2093CB268B}
		{B91F2399-6395-439B-9645-C83E747C356F} = {B89A17B5-63C4-4D4B-B07F-ED1E46181DA0}
		{12C627F9-D221-4D56-8B6A-9FF6A239269F} = {B89A17B5-63C4-4D4B-B07F-ED1E46181DA0}
		{D0CFD403-4921-4094-937B-27E235576AC6} = {B89A17B5-63C4-4D4B-B07F-ED1E46181DA0}
		{2110884B-5878-4E28-BDE4-C901BCF3994D} = {37C80405-81AC-4F1B-BD4C-75E88845AADC}
	EndGlobalSection
EndGlobal
