
Microsoft Visual Studio Solution File, Format Version 12.00
# Visual Studio 2013
VisualStudioVersion = 12.0.21005.1
MinimumVisualStudioVersion = 10.0.40219.1
Project("{FAE04EC0-301F-11D3-BF4B-00C04F79EFBC}") = "WebMvcClient", "WebMvcClient\WebMvcClient.csproj", "{066AD8B4-1793-4D1A-BB67-2325520B60F0}"
EndProject
Project("{2150E333-8FDC-42A3-9474-1A3956D46DE8}") = "Shell", "Shell", "{ED76EE45-3DC1-4346-8DF3-BC54842A5186}"
EndProject
Project("{2150E333-8FDC-42A3-9474-1A3956D46DE8}") = "AppPlugins", "AppPlugins", "{37C80405-81AC-4F1B-BD4C-75E88845AADC}"
EndProject
Project("{2150E333-8FDC-42A3-9474-1A3956D46DE8}") = "FrameworkPlugins", "FrameworkPlugins", "{B89A17B5-63C4-4D4B-B07F-ED1E46181DA0}"
EndProject
Project("{2150E333-8FDC-42A3-9474-1A3956D46DE8}") = "BusinessInfrastructurePlugins", "BusinessInfrastructurePlugins", "{B0854806-15F1-4E6D-A997-59B6DA40351C}"
EndProject
Project("{FAE04EC0-301F-11D3-BF4B-00C04F79EFBC}") = "UIShell.OlsonAdminShellPlugin", "WebMvcClient\Plugins\UIShell.OlsonAdminShellPlugin\UIShell.OlsonAdminShellPlugin.csproj", "{146912A7-34DA-4040-9C9D-076030E5F7C0}"
EndProject
Project("{FAE04EC0-301F-11D3-BF4B-00C04F79EFBC}") = "UIShell.RbacPermissionService", "WebMvcClient\Plugins\UIShell.RbacPermissionService\UIShell.RbacPermissionService.csproj", "{B91F2399-6395-439B-9645-C83E747C356F}"
EndProject
Project("{FAE04EC0-301F-11D3-BF4B-00C04F79EFBC}") = "UIShell.RbacManagementPlugin", "WebMvcClient\Plugins\UIShell.RbacManagementPlugin\UIShell.RbacManagementPlugin.csproj", "{12C627F9-D221-4D56-8B6A-9FF6A239269F}"
EndProject
Project("{FAE04EC0-301F-11D3-BF4B-00C04F79EFBC}") = "UIShell.EducationDeviceMaintenanceService", "WebMvcClient\Plugins\UIShell.EducationDeviceMaintenanceService\UIShell.EducationDeviceMaintenanceService.csproj", "{8F3A1196-6CF0-4B18-806A-136BCA42FB18}"
EndProject
Project("{FAE04EC0-301F-11D3-BF4B-00C04F79EFBC}") = "UIShell.EducationDeviceMaintenancePlugin", "WebMvcClient\Plugins\UIShell.EducationDeviceMaintenancePlugin\UIShell.EducationDeviceMaintenancePlugin.csproj", "{2110884B-5878-4E28-BDE4-C901BCF3994D}"
EndProject
Global
	GlobalSection(SolutionConfigurationPlatforms) = preSolution
		Debug|Any CPU = Debug|Any CPU
		Release|Any CPU = Release|Any CPU
	EndGlobalSection
	GlobalSection(ProjectConfigurationPlatforms) = postSolution
		{066AD8B4-1793-4D1A-BB67-2325520B60F0}.Debug|Any CPU.ActiveCfg = Debug|Any CPU
		{066AD8B4-1793-4D1A-BB67-2325520B60F0}.Debug|Any CPU.Build.0 = Debug|Any CPU
		{066AD8B4-1793-4D1A-BB67-2325520B60F0}.Release|Any CPU.ActiveCfg = Release|Any CPU
		{066AD8B4-1793-4D1A-BB67-2325520B60F0}.Release|Any CPU.Build.0 = Release|Any CPU
		{146912A7-34DA-4040-9C9D-076030E5F7C0}.Debug|Any CPU.ActiveCfg = Debug|Any CPU
		{146912A7-34DA-4040-9C9D-076030E5F7C0}.Debug|Any CPU.Build.0 = Debug|Any CPU
		{146912A7-34DA-4040-9C9D-076030E5F7C0}.Release|Any CPU.ActiveCfg = Release|Any CPU
		{146912A7-34DA-4040-9C9D-076030E5F7C0}.Release|Any CPU.Build.0 = Release|Any CPU
		{B91F2399-6395-439B-9645-C83E747C356F}.Debug|Any CPU.ActiveCfg = Debug|Any CPU
		{B91F2399-6395-439B-9645-C83E747C356F}.Debug|Any CPU.Build.0 = Debug|Any CPU
		{B91F2399-6395-439B-9645-C83E747C356F}.Release|Any CPU.ActiveCfg = Release|Any CPU
		{B91F2399-6395-439B-9645-C83E747C356F}.Release|Any CPU.Build.0 = Release|Any CPU
		{12C627F9-D221-4D56-8B6A-9FF6A239269F}.Debug|Any CPU.ActiveCfg = Debug|Any CPU
		{12C627F9-D221-4D56-8B6A-9FF6A239269F}.Debug|Any CPU.Build.0 = Debug|Any CPU
		{12C627F9-D221-4D56-8B6A-9FF6A239269F}.Release|Any CPU.ActiveCfg = Release|Any CPU
		{12C627F9-D221-4D56-8B6A-9FF6A239269F}.Release|Any CPU.Build.0 = Release|Any CPU
		{8F3A1196-6CF0-4B18-806A-136BCA42FB18}.Debug|Any CPU.ActiveCfg = Debug|Any CPU
		{8F3A1196-6CF0-4B18-806A-136BCA42FB18}.Debug|Any CPU.Build.0 = Debug|Any CPU
		{8F3A1196-6CF0-4B18-806A-136BCA42FB18}.Release|Any CPU.ActiveCfg = Release|Any CPU
		{8F3A1196-6CF0-4B18-806A-136BCA42FB18}.Release|Any CPU.Build.0 = Release|Any CPU
		{2110884B-5878-4E28-BDE4-C901BCF3994D}.Debug|Any CPU.ActiveCfg = Debug|Any CPU
		{2110884B-5878-4E28-BDE4-C901BCF3994D}.Debug|Any CPU.Build.0 = Debug|Any CPU
		{2110884B-5878-4E28-BDE4-C901BCF3994D}.Release|Any CPU.ActiveCfg = Release|Any CPU
		{2110884B-5878-4E28-BDE4-C901BCF3994D}.Release|Any CPU.Build.0 = Release|Any CPU
	EndGlobalSection
	GlobalSection(SolutionProperties) = preSolution
		HideSolutionNode = FALSE
	EndGlobalSection
	GlobalSection(NestedProjects) = preSolution
		{066AD8B4-1793-4D1A-BB67-2325520B60F0} = {ED76EE45-3DC1-4346-8DF3-BC54842A5186}
		{8F3A1196-6CF0-4B18-806A-136BCA42FB18} = {37C80405-81AC-4F1B-BD4C-75E88845AADC}
		{2110884B-5878-4E28-BDE4-C901BCF3994D} = {37C80405-81AC-4F1B-BD4C-75E88845AADC}
		{146912A7-34DA-4040-9C9D-076030E5F7C0} = {B89A17B5-63C4-4D4B-B07F-ED1E46181DA0}
		{B91F2399-6395-439B-9645-C83E747C356F} = {B89A17B5-63C4-4D4B-B07F-ED1E46181DA0}
		{12C627F9-D221-4D56-8B6A-9FF6A239269F} = {B89A17B5-63C4-4D4B-B07F-ED1E46181DA0}
	EndGlobalSection
EndGlobal
