
Microsoft Visual Studio Solution File, Format Version 12.00
# Visual Studio 2013
VisualStudioVersion = 12.0.31101.0
MinimumVisualStudioVersion = 10.0.40219.1
Project("{FAE04EC0-301F-11D3-BF4B-00C04F79EFBC}") = "LCL.UnitTest", "Testing\LCL.UnitTest\LCL.UnitTest.csproj", "{C5709A46-7869-4F66-BCA7-1538C475A8AD}"
EndProject
Project("{2150E333-8FDC-42A3-9474-1A3956D46DE8}") = "Plugins", "Plugins", "{C76926FE-7478-4FEC-B198-4118B4811E53}"
EndProject
Project("{2150E333-8FDC-42A3-9474-1A3956D46DE8}") = "_Items", "_Items", "{2AE4D6D7-FF70-4E98-8251-7CCB592BDF43}"
	ProjectSection(SolutionItems) = preProject
		src\_Items\_ReadMe.txt = src\_Items\_ReadMe.txt
		src\_Items\SharedAssemblyInfo.cs = src\_Items\SharedAssemblyInfo.cs
		src\_Items\SharedAssemblyVersionInfo.cs = src\_Items\SharedAssemblyVersionInfo.cs
	EndProjectSection
EndProject
Project("{FAE04EC0-301F-11D3-BF4B-00C04F79EFBC}") = "LCL", "src\LCL\LCL.csproj", "{9C399804-5036-43D3-9D2E-81F716EEF848}"
EndProject
Project("{FAE04EC0-301F-11D3-BF4B-00C04F79EFBC}") = "LCL.ObjectContainers.Unity", "src\LCL.ObjectContainers.Unity\LCL.ObjectContainers.Unity.csproj", "{F68A247E-404E-4547-ABA7-3B6F69A90160}"
EndProject
Project("{FAE04EC0-301F-11D3-BF4B-00C04F79EFBC}") = "LCL.Repositories.EntityFramework", "src\LCL.Repositories.EntityFramework\LCL.Repositories.EntityFramework.csproj", "{D318D90D-17C3-464F-B8E2-5665B7DE98A8}"
EndProject
Project("{FAE04EC0-301F-11D3-BF4B-00C04F79EFBC}") = "LCL.Utils", "src\LCL.Utils\LCL.Utils.csproj", "{C19BC1F7-549F-424D-B987-2282F6D889E3}"
EndProject
Project("{FAE04EC0-301F-11D3-BF4B-00C04F79EFBC}") = "LCL.MvcExtensions", "src\Web\LCL.MvcExtensions\LCL.MvcExtensions.csproj", "{06EDA144-8636-412F-8061-595A592D7514}"
EndProject
Project("{2150E333-8FDC-42A3-9474-1A3956D46DE8}") = "1 - Core", "1 - Core", "{3B05D777-638B-4D3D-8047-BAE3A04ED3A9}"
EndProject
Project("{FAE04EC0-301F-11D3-BF4B-00C04F79EFBC}") = "LCL.Tools", "src\LCL.Tools\LCL.Tools.csproj", "{C729B19F-3EFD-49F3-B918-85203044507C}"
EndProject
Project("{FAE04EC0-301F-11D3-BF4B-00C04F79EFBC}") = "LCL.Repositories.MongoDB", "src\LCL.Repositories.MongoDB\LCL.Repositories.MongoDB.csproj", "{8F3A1196-6CF0-4B18-806A-136BCA42FB18}"
EndProject
Project("{FAE04EC0-301F-11D3-BF4B-00C04F79EFBC}") = "LCL.Tests.Common", "Testing\LCL.Tests.Common\LCL.Tests.Common.csproj", "{91565E9D-BA78-4A1E-8596-DFC091F4425F}"
EndProject
Project("{2150E333-8FDC-42A3-9474-1A3956D46DE8}") = "0 - Design", "0 - Design", "{601625E7-11A2-437F-8FCA-57423D7ED865}"
EndProject
Project("{2150E333-8FDC-42A3-9474-1A3956D46DE8}") = "3 - Tests", "3 - Tests", "{DCB1EDB7-E075-4321-A12E-457DBF257C72}"
EndProject
Project("{2150E333-8FDC-42A3-9474-1A3956D46DE8}") = "2 - Tools", "2 - Tools", "{CCE87701-440C-42D0-9B78-EF93FED738B5}"
EndProject
Project("{2150E333-8FDC-42A3-9474-1A3956D46DE8}") = "Web", "Web", "{D663BC94-9FEE-4721-B1AD-D132493273C4}"
EndProject
Project("{2150E333-8FDC-42A3-9474-1A3956D46DE8}") = "WinFrm", "WinFrm", "{BD1F4F4F-28C1-46FD-A636-B627878A36A9}"
EndProject
Global
	GlobalSection(SubversionScc) = preSolution
		Svn-Managed = True
		Manager = AnkhSVN - Subversion Support for Visual Studio
	EndGlobalSection
	GlobalSection(SolutionConfigurationPlatforms) = preSolution
		Debug|Any CPU = Debug|Any CPU
		Release|Any CPU = Release|Any CPU
	EndGlobalSection
	GlobalSection(ProjectConfigurationPlatforms) = postSolution
		{C5709A46-7869-4F66-BCA7-1538C475A8AD}.Debug|Any CPU.ActiveCfg = Debug|Any CPU
		{C5709A46-7869-4F66-BCA7-1538C475A8AD}.Release|Any CPU.ActiveCfg = Release|Any CPU
		{C5709A46-7869-4F66-BCA7-1538C475A8AD}.Release|Any CPU.Deploy.0 = Release|Any CPU
		{9C399804-5036-43D3-9D2E-81F716EEF848}.Debug|Any CPU.ActiveCfg = Debug|Any CPU
		{9C399804-5036-43D3-9D2E-81F716EEF848}.Debug|Any CPU.Build.0 = Debug|Any CPU
		{9C399804-5036-43D3-9D2E-81F716EEF848}.Release|Any CPU.ActiveCfg = Release|Any CPU
		{9C399804-5036-43D3-9D2E-81F716EEF848}.Release|Any CPU.Build.0 = Release|Any CPU
		{F68A247E-404E-4547-ABA7-3B6F69A90160}.Debug|Any CPU.ActiveCfg = Debug|Any CPU
		{F68A247E-404E-4547-ABA7-3B6F69A90160}.Debug|Any CPU.Build.0 = Debug|Any CPU
		{F68A247E-404E-4547-ABA7-3B6F69A90160}.Release|Any CPU.ActiveCfg = Release|Any CPU
		{F68A247E-404E-4547-ABA7-3B6F69A90160}.Release|Any CPU.Build.0 = Release|Any CPU
		{D318D90D-17C3-464F-B8E2-5665B7DE98A8}.Debug|Any CPU.ActiveCfg = Debug|Any CPU
		{D318D90D-17C3-464F-B8E2-5665B7DE98A8}.Debug|Any CPU.Build.0 = Debug|Any CPU
		{D318D90D-17C3-464F-B8E2-5665B7DE98A8}.Release|Any CPU.ActiveCfg = Release|Any CPU
		{D318D90D-17C3-464F-B8E2-5665B7DE98A8}.Release|Any CPU.Build.0 = Release|Any CPU
		{C19BC1F7-549F-424D-B987-2282F6D889E3}.Debug|Any CPU.ActiveCfg = Debug|Any CPU
		{C19BC1F7-549F-424D-B987-2282F6D889E3}.Debug|Any CPU.Build.0 = Debug|Any CPU
		{C19BC1F7-549F-424D-B987-2282F6D889E3}.Release|Any CPU.ActiveCfg = Release|Any CPU
		{C19BC1F7-549F-424D-B987-2282F6D889E3}.Release|Any CPU.Build.0 = Release|Any CPU
		{06EDA144-8636-412F-8061-595A592D7514}.Debug|Any CPU.ActiveCfg = Debug|Any CPU
		{06EDA144-8636-412F-8061-595A592D7514}.Debug|Any CPU.Build.0 = Debug|Any CPU
		{06EDA144-8636-412F-8061-595A592D7514}.Release|Any CPU.ActiveCfg = Release|Any CPU
		{06EDA144-8636-412F-8061-595A592D7514}.Release|Any CPU.Build.0 = Release|Any CPU
		{C729B19F-3EFD-49F3-B918-85203044507C}.Debug|Any CPU.ActiveCfg = Debug|Any CPU
		{C729B19F-3EFD-49F3-B918-85203044507C}.Debug|Any CPU.Build.0 = Debug|Any CPU
		{C729B19F-3EFD-49F3-B918-85203044507C}.Release|Any CPU.ActiveCfg = Release|Any CPU
		{C729B19F-3EFD-49F3-B918-85203044507C}.Release|Any CPU.Build.0 = Release|Any CPU
		{8F3A1196-6CF0-4B18-806A-136BCA42FB18}.Debug|Any CPU.ActiveCfg = Debug|Any CPU
		{8F3A1196-6CF0-4B18-806A-136BCA42FB18}.Debug|Any CPU.Build.0 = Debug|Any CPU
		{8F3A1196-6CF0-4B18-806A-136BCA42FB18}.Release|Any CPU.ActiveCfg = Release|Any CPU
		{8F3A1196-6CF0-4B18-806A-136BCA42FB18}.Release|Any CPU.Build.0 = Release|Any CPU
		{91565E9D-BA78-4A1E-8596-DFC091F4425F}.Debug|Any CPU.ActiveCfg = Debug|Any CPU
		{91565E9D-BA78-4A1E-8596-DFC091F4425F}.Release|Any CPU.ActiveCfg = Release|Any CPU
	EndGlobalSection
	GlobalSection(SolutionProperties) = preSolution
		HideSolutionNode = FALSE
	EndGlobalSection
	GlobalSection(NestedProjects) = preSolution
		{C5709A46-7869-4F66-BCA7-1538C475A8AD} = {DCB1EDB7-E075-4321-A12E-457DBF257C72}
		{C76926FE-7478-4FEC-B198-4118B4811E53} = {DCB1EDB7-E075-4321-A12E-457DBF257C72}
		{2AE4D6D7-FF70-4E98-8251-7CCB592BDF43} = {3B05D777-638B-4D3D-8047-BAE3A04ED3A9}
		{9C399804-5036-43D3-9D2E-81F716EEF848} = {3B05D777-638B-4D3D-8047-BAE3A04ED3A9}
		{F68A247E-404E-4547-ABA7-3B6F69A90160} = {3B05D777-638B-4D3D-8047-BAE3A04ED3A9}
		{D318D90D-17C3-464F-B8E2-5665B7DE98A8} = {3B05D777-638B-4D3D-8047-BAE3A04ED3A9}
		{C19BC1F7-549F-424D-B987-2282F6D889E3} = {3B05D777-638B-4D3D-8047-BAE3A04ED3A9}
		{06EDA144-8636-412F-8061-595A592D7514} = {D663BC94-9FEE-4721-B1AD-D132493273C4}
		{C729B19F-3EFD-49F3-B918-85203044507C} = {CCE87701-440C-42D0-9B78-EF93FED738B5}
		{8F3A1196-6CF0-4B18-806A-136BCA42FB18} = {3B05D777-638B-4D3D-8047-BAE3A04ED3A9}
		{91565E9D-BA78-4A1E-8596-DFC091F4425F} = {C76926FE-7478-4FEC-B198-4118B4811E53}
		{D663BC94-9FEE-4721-B1AD-D132493273C4} = {3B05D777-638B-4D3D-8047-BAE3A04ED3A9}
		{BD1F4F4F-28C1-46FD-A636-B627878A36A9} = {3B05D777-638B-4D3D-8047-BAE3A04ED3A9}
	EndGlobalSection
EndGlobal
