
Microsoft Visual Studio Solution File, Format Version 12.00
# Visual Studio 15
VisualStudioVersion = 15.0.26430.16
MinimumVisualStudioVersion = 10.0.40219.1
Project("{2150E333-8FDC-42A3-9474-1A3956D46DE8}") = "Tests", "Tests", "{AB22A45C-7D87-4678-9609-197DDA6FB262}"
EndProject
Project("{FAE04EC0-301F-11D3-BF4B-00C04F79EFBC}") = "LCL.Tests", "Tests\LCL.Tests\LCL.Tests.csproj", "{DD35220B-1A39-4561-8849-C5567B296E3F}"
EndProject
Project("{FAE04EC0-301F-11D3-BF4B-00C04F79EFBC}") = "LCL.Repositories.EntityFramework", "src\LCL.Repositories.EntityFramework\LCL.Repositories.EntityFramework.csproj", "{B84421B4-9C83-49D4-A716-6063D946121E}"
EndProject
Project("{FAE04EC0-301F-11D3-BF4B-00C04F79EFBC}") = "LCL.Repositories.MongoDB", "src\LCL.Repositories.MongoDB\LCL.Repositories.MongoDB.csproj", "{42674EE0-407B-4A7A-8077-D767807E5E12}"
EndProject
Project("{2150E333-8FDC-42A3-9474-1A3956D46DE8}") = "Solution Items", "Solution Items", "{7C42AFA7-AEE1-4A95-9FEE-92DDCC89AC63}"
	ProjectSection(SolutionItems) = preProject
		appveyor.yml = appveyor.yml
		common.props = common.props
		README.md = README.md
		Settings.StyleCop = Settings.StyleCop
		src\_Items\SharedAssemblyInfo.cs = src\_Items\SharedAssemblyInfo.cs
		src\_Items\SharedAssemblyVersionInfo.cs = src\_Items\SharedAssemblyVersionInfo.cs
	EndProjectSection
EndProject
Project("{2150E333-8FDC-42A3-9474-1A3956D46DE8}") = ".nuget", ".nuget", "{AE1D8464-0A15-41B7-B3D2-688B4CA44FC6}"
	ProjectSection(SolutionItems) = preProject
		.nuget\NuGet.Config = .nuget\NuGet.Config
		.nuget\NuGet.exe = .nuget\NuGet.exe
		.nuget\NuGet.targets = .nuget\NuGet.targets
		.nuget\pack.ps1 = .nuget\pack.ps1
		.nuget\pushNupkg.bat = .nuget\pushNupkg.bat
		.nuget\发布到nuget官网.bat = .nuget\发布到nuget官网.bat
	EndProjectSection
EndProject
Project("{FAE04EC0-301F-11D3-BF4B-00C04F79EFBC}") = "LCL.Repositories.NHibernate", "src\LCL.Repositories.NHibernate\LCL.Repositories.NHibernate.csproj", "{B339671F-EC53-45F2-9999-A46F45847F78}"
EndProject
Project("{FAE04EC0-301F-11D3-BF4B-00C04F79EFBC}") = "LCL", "src\LCL\LCL.csproj", "{C7F55469-A235-48FB-B92C-C48830577E14}"
EndProject
Project("{2150E333-8FDC-42A3-9474-1A3956D46DE8}") = "Docs", "Docs", "{9D6E1B6A-CF32-4FD6-BA04-25C7927F506F}"
EndProject
Project("{E24C65DC-7377-472B-9ABA-BC803B73C61A}") = "Docs", "http://localhost:52510", "{76F962B4-924F-4604-8386-7F50CFDC7E4A}"
	ProjectSection(WebsiteProperties) = preProject
		SccProjectName = "SAK"
		SccAuxPath = "SAK"
		SccLocalPath = "SAK"
		SccProvider = "SAK"
		UseIISExpress = "true"
		TargetFrameworkMoniker = ".NETFramework,Version%3Dv4.0"
		Debug.AspNetCompiler.VirtualPath = "/localhost_52510"
		Debug.AspNetCompiler.PhysicalPath = "..\..\branches\gh-pages\Docs\"
		Debug.AspNetCompiler.TargetPath = "PrecompiledWeb\localhost_52510\"
		Debug.AspNetCompiler.Updateable = "true"
		Debug.AspNetCompiler.ForceOverwrite = "true"
		Debug.AspNetCompiler.FixedNames = "false"
		Debug.AspNetCompiler.Debug = "True"
		Release.AspNetCompiler.VirtualPath = "/localhost_52510"
		Release.AspNetCompiler.PhysicalPath = "..\..\branches\gh-pages\Docs\"
		Release.AspNetCompiler.TargetPath = "PrecompiledWeb\localhost_52510\"
		Release.AspNetCompiler.Updateable = "true"
		Release.AspNetCompiler.ForceOverwrite = "true"
		Release.AspNetCompiler.FixedNames = "false"
		Release.AspNetCompiler.Debug = "False"
		SlnRelativePath = "..\..\branches\gh-pages\Docs\"
	EndProjectSection
EndProject
Project("{FAE04EC0-301F-11D3-BF4B-00C04F79EFBC}") = "LCL.Repositories.MyBatis", "src\LCL.Repositories.MyBatis\LCL.Repositories.MyBatis.csproj", "{B5804478-5DB1-4A66-941D-489FF7A8A10A}"
EndProject
Project("{FAE04EC0-301F-11D3-BF4B-00C04F79EFBC}") = "LCL.AutoMapper", "src\LCL.AutoMapper\LCL.AutoMapper.csproj", "{E1D0E0C2-F1B4-4A28-93CB-AB7E777393D9}"
EndProject
Project("{FAE04EC0-301F-11D3-BF4B-00C04F79EFBC}") = "LCL.RedisCache", "src\LCL.RedisCache\LCL.RedisCache.csproj", "{F1D9747C-7402-49D3-AED5-428EFF1E1023}"
EndProject
Project("{2150E333-8FDC-42A3-9474-1A3956D46DE8}") = "Web", "Web", "{22D006AD-285D-4949-905C-1B2BCAB195FC}"
EndProject
Project("{FAE04EC0-301F-11D3-BF4B-00C04F79EFBC}") = "LCL.Web", "src\LCL.Web\LCL.Web.csproj", "{2E91B1B8-9C11-4868-8658-CB1CCA7B1009}"
EndProject
Project("{FAE04EC0-301F-11D3-BF4B-00C04F79EFBC}") = "LCL.VSIXProject", "src\LCL.VSIXProject\LCL.VSIXProject.csproj", "{6EE09840-8D44-433A-A7F1-4F3CE8FB3019}"
EndProject
Project("{2150E333-8FDC-42A3-9474-1A3956D46DE8}") = "Tools", "Tools", "{73767364-DFF6-448A-8244-22F01570E7C7}"
EndProject
Global
	GlobalSection(SolutionConfigurationPlatforms) = preSolution
		Debug|Any CPU = Debug|Any CPU
		Release|Any CPU = Release|Any CPU
	EndGlobalSection
	GlobalSection(ProjectConfigurationPlatforms) = postSolution
		{DD35220B-1A39-4561-8849-C5567B296E3F}.Debug|Any CPU.ActiveCfg = Debug|Any CPU
		{DD35220B-1A39-4561-8849-C5567B296E3F}.Debug|Any CPU.Build.0 = Debug|Any CPU
		{DD35220B-1A39-4561-8849-C5567B296E3F}.Release|Any CPU.ActiveCfg = Release|Any CPU
		{DD35220B-1A39-4561-8849-C5567B296E3F}.Release|Any CPU.Build.0 = Release|Any CPU
		{B84421B4-9C83-49D4-A716-6063D946121E}.Debug|Any CPU.ActiveCfg = Debug|Any CPU
		{B84421B4-9C83-49D4-A716-6063D946121E}.Debug|Any CPU.Build.0 = Debug|Any CPU
		{B84421B4-9C83-49D4-A716-6063D946121E}.Release|Any CPU.ActiveCfg = Release|Any CPU
		{B84421B4-9C83-49D4-A716-6063D946121E}.Release|Any CPU.Build.0 = Release|Any CPU
		{42674EE0-407B-4A7A-8077-D767807E5E12}.Debug|Any CPU.ActiveCfg = Debug|Any CPU
		{42674EE0-407B-4A7A-8077-D767807E5E12}.Debug|Any CPU.Build.0 = Debug|Any CPU
		{42674EE0-407B-4A7A-8077-D767807E5E12}.Release|Any CPU.ActiveCfg = Release|Any CPU
		{42674EE0-407B-4A7A-8077-D767807E5E12}.Release|Any CPU.Build.0 = Release|Any CPU
		{B339671F-EC53-45F2-9999-A46F45847F78}.Debug|Any CPU.ActiveCfg = Debug|Any CPU
		{B339671F-EC53-45F2-9999-A46F45847F78}.Debug|Any CPU.Build.0 = Debug|Any CPU
		{B339671F-EC53-45F2-9999-A46F45847F78}.Release|Any CPU.ActiveCfg = Release|Any CPU
		{B339671F-EC53-45F2-9999-A46F45847F78}.Release|Any CPU.Build.0 = Release|Any CPU
		{C7F55469-A235-48FB-B92C-C48830577E14}.Debug|Any CPU.ActiveCfg = Debug|Any CPU
		{C7F55469-A235-48FB-B92C-C48830577E14}.Debug|Any CPU.Build.0 = Debug|Any CPU
		{C7F55469-A235-48FB-B92C-C48830577E14}.Release|Any CPU.ActiveCfg = Release|Any CPU
		{C7F55469-A235-48FB-B92C-C48830577E14}.Release|Any CPU.Build.0 = Release|Any CPU
		{76F962B4-924F-4604-8386-7F50CFDC7E4A}.Debug|Any CPU.ActiveCfg = Debug|Any CPU
		{76F962B4-924F-4604-8386-7F50CFDC7E4A}.Debug|Any CPU.Build.0 = Debug|Any CPU
		{76F962B4-924F-4604-8386-7F50CFDC7E4A}.Release|Any CPU.ActiveCfg = Debug|Any CPU
		{76F962B4-924F-4604-8386-7F50CFDC7E4A}.Release|Any CPU.Build.0 = Debug|Any CPU
		{B5804478-5DB1-4A66-941D-489FF7A8A10A}.Debug|Any CPU.ActiveCfg = Debug|Any CPU
		{B5804478-5DB1-4A66-941D-489FF7A8A10A}.Debug|Any CPU.Build.0 = Debug|Any CPU
		{B5804478-5DB1-4A66-941D-489FF7A8A10A}.Release|Any CPU.ActiveCfg = Release|Any CPU
		{B5804478-5DB1-4A66-941D-489FF7A8A10A}.Release|Any CPU.Build.0 = Release|Any CPU
		{E1D0E0C2-F1B4-4A28-93CB-AB7E777393D9}.Debug|Any CPU.ActiveCfg = Debug|Any CPU
		{E1D0E0C2-F1B4-4A28-93CB-AB7E777393D9}.Debug|Any CPU.Build.0 = Debug|Any CPU
		{E1D0E0C2-F1B4-4A28-93CB-AB7E777393D9}.Release|Any CPU.ActiveCfg = Release|Any CPU
		{E1D0E0C2-F1B4-4A28-93CB-AB7E777393D9}.Release|Any CPU.Build.0 = Release|Any CPU
		{F1D9747C-7402-49D3-AED5-428EFF1E1023}.Debug|Any CPU.ActiveCfg = Debug|Any CPU
		{F1D9747C-7402-49D3-AED5-428EFF1E1023}.Debug|Any CPU.Build.0 = Debug|Any CPU
		{F1D9747C-7402-49D3-AED5-428EFF1E1023}.Release|Any CPU.ActiveCfg = Release|Any CPU
		{F1D9747C-7402-49D3-AED5-428EFF1E1023}.Release|Any CPU.Build.0 = Release|Any CPU
		{2E91B1B8-9C11-4868-8658-CB1CCA7B1009}.Debug|Any CPU.ActiveCfg = Debug|Any CPU
		{2E91B1B8-9C11-4868-8658-CB1CCA7B1009}.Debug|Any CPU.Build.0 = Debug|Any CPU
		{2E91B1B8-9C11-4868-8658-CB1CCA7B1009}.Release|Any CPU.ActiveCfg = Release|Any CPU
		{2E91B1B8-9C11-4868-8658-CB1CCA7B1009}.Release|Any CPU.Build.0 = Release|Any CPU
		{6EE09840-8D44-433A-A7F1-4F3CE8FB3019}.Debug|Any CPU.ActiveCfg = Debug|Any CPU
		{6EE09840-8D44-433A-A7F1-4F3CE8FB3019}.Debug|Any CPU.Build.0 = Debug|Any CPU
		{6EE09840-8D44-433A-A7F1-4F3CE8FB3019}.Release|Any CPU.ActiveCfg = Release|Any CPU
		{6EE09840-8D44-433A-A7F1-4F3CE8FB3019}.Release|Any CPU.Build.0 = Release|Any CPU
	EndGlobalSection
	GlobalSection(SolutionProperties) = preSolution
		HideSolutionNode = FALSE
	EndGlobalSection
	GlobalSection(NestedProjects) = preSolution
		{DD35220B-1A39-4561-8849-C5567B296E3F} = {AB22A45C-7D87-4678-9609-197DDA6FB262}
		{76F962B4-924F-4604-8386-7F50CFDC7E4A} = {9D6E1B6A-CF32-4FD6-BA04-25C7927F506F}
		{2E91B1B8-9C11-4868-8658-CB1CCA7B1009} = {22D006AD-285D-4949-905C-1B2BCAB195FC}
		{6EE09840-8D44-433A-A7F1-4F3CE8FB3019} = {73767364-DFF6-448A-8244-22F01570E7C7}
	EndGlobalSection
	GlobalSection(TeamFoundationVersionControl) = preSolution
		SccNumberOfProjects = 1
		SccEnterpriseProvider = {4CA58AB2-18FA-4F8D-95D4-32DDF27D184C}
		SccTeamFoundationServer = https://luomingui.visualstudio.com/
		SccWebProject0 = true
		SccProjectUniqueName0 = http://localhost:52510
		SccProjectTopLevelParentUniqueName0 = LCL.sln
		SccProjectName0 = $/LCLFramework/Source/Docs
		SccAuxPath0 = https://luomingui.visualstudio.com
		SccLocalPath0 = ..\\..\\branches\\gh-pages\\Docs
		SccProvider0 = {4CA58AB2-18FA-4F8D-95D4-32DDF27D184C}
		SccProjectEnlistmentChoice0 = 2
	EndGlobalSection
EndGlobal
